{
  "version": 4,
  "terraform_version": "0.14.6",
  "serial": 8,
  "lineage": "832db7ad-2bdd-ba02-a855-f23676a5ebb9",
  "outputs": {},
  "resources": [
    {
      "mode": "data",
      "type": "digitalocean_droplet_snapshot",
      "name": "ubuntu2004-packer-image",
      "provider": "provider[\"registry.terraform.io/digitalocean/digitalocean\"]",
      "instances": [
        {
          "schema_version": 0,
          "attributes": {
            "created_at": "2021-02-19T13:30:39Z",
            "droplet_id": "232593299",
            "id": "79010193",
            "min_disk_size": 80,
            "most_recent": true,
            "name": "ubuntu2004-packer-1613741097",
            "name_regex": "^ubuntu2004-packer",
            "region": "nyc1",
            "regions": [
              "nyc1"
            ],
            "size": 2.91
          },
          "sensitive_attributes": []
        }
      ]
    },
    {
      "mode": "managed",
      "type": "digitalocean_droplet",
      "name": "server-by-terrraform",
      "provider": "provider[\"registry.terraform.io/digitalocean/digitalocean\"]",
      "instances": [
        {
          "schema_version": 1,
          "attributes": {
            "backups": false,
            "created_at": "2021-02-19T13:38:07Z",
            "disk": 80,
            "id": "232595612",
            "image": "79010193",
            "ipv4_address": "165.227.93.192",
            "ipv4_address_private": "10.116.0.4",
            "ipv6": false,
            "ipv6_address": "",
            "locked": false,
            "memory": 4096,
            "monitoring": true,
            "name": "server-by-terraform",
            "price_hourly": 0.02976,
            "price_monthly": 20,
            "private_networking": true,
            "region": "nyc1",
            "resize_disk": true,
            "size": "s-2vcpu-4gb",
            "ssh_keys": [
              "29577313"
            ],
            "status": "active",
            "tags": null,
            "urn": "do:droplet:232595612",
            "user_data": null,
            "vcpus": 2,
            "volume_ids": [],
            "vpc_uuid": "83e38335-9e5b-47b0-aa0a-bb0f31865198"
          },
          "sensitive_attributes": [],
          "private": "eyJzY2hlbWFfdmVyc2lvbiI6IjEifQ==",
          "dependencies": [
            "data.digitalocean_droplet_snapshot.ubuntu2004-packer-image"
          ]
        }
      ]
    }
  ]
}
